// !$*UTF8*$!
{
	archiveVersion = 1;
	classes = {
	};
	objectVersion = 51;
	objects = {

/* Begin PBXBuildFile section */
		1E03B14A23DB7CC90081F923 /* AppDelegate.swift in Sources */ = {isa = PBXBuildFile; fileRef = 1E03B14923DB7CC90081F923 /* AppDelegate.swift */; };
		1E03B14C23DB7CC90081F923 /* SceneDelegate.swift in Sources */ = {isa = PBXBuildFile; fileRef = 1E03B14B23DB7CC90081F923 /* SceneDelegate.swift */; };
		1E03B14E23DB7CC90081F923 /* ViewController.swift in Sources */ = {isa = PBXBuildFile; fileRef = 1E03B14D23DB7CC90081F923 /* ViewController.swift */; };
		1E03B15123DB7CC90081F923 /* Main.storyboard in Resources */ = {isa = PBXBuildFile; fileRef = 1E03B14F23DB7CC90081F923 /* Main.storyboard */; };
		1E03B15323DB7CCF0081F923 /* Assets.xcassets in Resources */ = {isa = PBXBuildFile; fileRef = 1E03B15223DB7CCF0081F923 /* Assets.xcassets */; };
		1E03B15623DB7CCF0081F923 /* LaunchScreen.storyboard in Resources */ = {isa = PBXBuildFile; fileRef = 1E03B15423DB7CCF0081F923 /* LaunchScreen.storyboard */; };
		1E03B16623DC58B00081F923 /* CameraView.swift in Sources */ = {isa = PBXBuildFile; fileRef = 1E03B16523DC58B00081F923 /* CameraView.swift */; };
		6D3BDB7C280DE33B009255EE /* SwipeModality.swift in Sources */ = {isa = PBXBuildFile; fileRef = 6D3BDB7B280DE33B009255EE /* SwipeModality.swift */; };
		6D3BDB7E280DE3EF009255EE /* SwipeCounter.swift in Sources */ = {isa = PBXBuildFile; fileRef = 6D3BDB7D280DE3EF009255EE /* SwipeCounter.swift */; };
		6D3BDB80280DE3FD009255EE /* SwipeViewController.swift in Sources */ = {isa = PBXBuildFile; fileRef = 6D3BDB7F280DE3FD009255EE /* SwipeViewController.swift */; };
		6D3BDB82280DE416009255EE /* SwipePracticeViewController.swift in Sources */ = {isa = PBXBuildFile; fileRef = 6D3BDB81280DE416009255EE /* SwipePracticeViewController.swift */; };
		6D3BDB84280DE614009255EE /* PracticeViewController.swift in Sources */ = {isa = PBXBuildFile; fileRef = 6D3BDB83280DE614009255EE /* PracticeViewController.swift */; };
		6D3BDB8E28109BAA009255EE /* Lavalse_d_Amelie.pdf in Resources */ = {isa = PBXBuildFile; fileRef = 6D3BDB8D28109BAA009255EE /* Lavalse_d_Amelie.pdf */; };
		6DD2ED7C27E15E6C008D29B9 /* GoogleService-Info.plist in Resources */ = {isa = PBXBuildFile; fileRef = 6DD2ED7B27E15E6B008D29B9 /* GoogleService-Info.plist */; };
		6DD2EDB427F127DA008D29B9 /* TURNING PAGE.pdf in Resources */ = {isa = PBXBuildFile; fileRef = 6DD2EDB327F127D9008D29B9 /* TURNING PAGE.pdf */; };
		6DD2EDB627F33839008D29B9 /* HeadViewController.swift in Sources */ = {isa = PBXBuildFile; fileRef = 6DD2EDB527F33839008D29B9 /* HeadViewController.swift */; };
		6DD2EDBA27F3B734008D29B9 /* CustomCollectionViewCell.swift in Sources */ = {isa = PBXBuildFile; fileRef = 6DD2EDB927F3B734008D29B9 /* CustomCollectionViewCell.swift */; };
		6DD2EDBD27F3B888008D29B9 /* CollectionViewModel.swift in Sources */ = {isa = PBXBuildFile; fileRef = 6DD2EDBC27F3B888008D29B9 /* CollectionViewModel.swift */; };
		6DD2EDC027F3B8D6008D29B9 /* CollectionModel.swift in Sources */ = {isa = PBXBuildFile; fileRef = 6DD2EDBF27F3B8D6008D29B9 /* CollectionModel.swift */; };
		6DD2EDC327F3BAF9008D29B9 /* HomeViewController.swift in Sources */ = {isa = PBXBuildFile; fileRef = 6DD2EDC227F3BAF9008D29B9 /* HomeViewController.swift */; };
		6DD2EDCB27F4CB8F008D29B9 /* count.json in Resources */ = {isa = PBXBuildFile; fileRef = 6DD2EDCA27F4CB8F008D29B9 /* count.json */; };
		6DD2EDCF27F4F461008D29B9 /* extensionView.swift in Sources */ = {isa = PBXBuildFile; fileRef = 6DD2EDCE27F4F460008D29B9 /* extensionView.swift */; };
		6DD2EDD127F501CD008D29B9 /* TapViewController.swift in Sources */ = {isa = PBXBuildFile; fileRef = 6DD2EDD027F501CD008D29B9 /* TapViewController.swift */; };
		6DD2EDD527F61D44008D29B9 /* TapPracticeViewController.swift in Sources */ = {isa = PBXBuildFile; fileRef = 6DD2EDD427F61D43008D29B9 /* TapPracticeViewController.swift */; };
		6DD2EDD727F62CB0008D29B9 /* TapModality.swift in Sources */ = {isa = PBXBuildFile; fileRef = 6DD2EDD627F62CB0008D29B9 /* TapModality.swift */; };
		6DD2EDD927F63D77008D29B9 /* practice.pdf in Resources */ = {isa = PBXBuildFile; fileRef = 6DD2EDD827F63D76008D29B9 /* practice.pdf */; };
		6DD2EDDC27F640DD008D29B9 /* TapCounter.swift in Sources */ = {isa = PBXBuildFile; fileRef = 6DD2EDDB27F640DD008D29B9 /* TapCounter.swift */; };
		6DD2EDDF27F641D6008D29B9 /* WinkCounter.swift in Sources */ = {isa = PBXBuildFile; fileRef = 6DD2EDDE27F641D6008D29B9 /* WinkCounter.swift */; };
		6DD2EDE127F6422C008D29B9 /* WinkViewController.swift in Sources */ = {isa = PBXBuildFile; fileRef = 6DD2EDE027F6422C008D29B9 /* WinkViewController.swift */; };
		6DD2EDE327F6440F008D29B9 /* WinkModality.swift in Sources */ = {isa = PBXBuildFile; fileRef = 6DD2EDE227F6440F008D29B9 /* WinkModality.swift */; };
		6DD2EDE527F645DA008D29B9 /* WinkPracticeViewController.swift in Sources */ = {isa = PBXBuildFile; fileRef = 6DD2EDE427F645DA008D29B9 /* WinkPracticeViewController.swift */; };
		6DD2EDE827F64CD8008D29B9 /* HeadCounter.swift in Sources */ = {isa = PBXBuildFile; fileRef = 6DD2EDE727F64CD6008D29B9 /* HeadCounter.swift */; };
		6DD2EDEC27F64CF8008D29B9 /* HeadModality.swift in Sources */ = {isa = PBXBuildFile; fileRef = 6DD2EDEB27F64CF8008D29B9 /* HeadModality.swift */; };
		6DD2EDEE27F64D0C008D29B9 /* HeadPracticeViewController.swift in Sources */ = {isa = PBXBuildFile; fileRef = 6DD2EDED27F64D0C008D29B9 /* HeadPracticeViewController.swift */; };
		6DD2EDF027F655DB008D29B9 /* FootViewController.swift in Sources */ = {isa = PBXBuildFile; fileRef = 6DD2EDEF27F655DB008D29B9 /* FootViewController.swift */; };
		6DD2EDF927FCDFCD008D29B9 /* FootModality.swift in Sources */ = {isa = PBXBuildFile; fileRef = 6DD2EDF827FCDFCD008D29B9 /* FootModality.swift */; };
		6DD2EDFB27FCE0A8008D29B9 /* FootCounter.swift in Sources */ = {isa = PBXBuildFile; fileRef = 6DD2EDFA27FCE0A8008D29B9 /* FootCounter.swift */; };
		6DD2EDFD27FCE6A6008D29B9 /* FootPracticeViewController.swift in Sources */ = {isa = PBXBuildFile; fileRef = 6DD2EDFC27FCE6A6008D29B9 /* FootPracticeViewController.swift */; };
		6DD2EE0127FDF359008D29B9 /* CoreBluetooth.framework in Frameworks */ = {isa = PBXBuildFile; fileRef = 6DD2EE0027FDF358008D29B9 /* CoreBluetooth.framework */; };
		AC16C0DFBAD9C31BEA360085 /* Pods_BlinkPoseAndSwipeiOSMLKit.framework in Frameworks */ = {isa = PBXBuildFile; fileRef = 7C55B0282D96DE85D79BDE2C /* Pods_BlinkPoseAndSwipeiOSMLKit.framework */; };
/* End PBXBuildFile section */

/* Begin PBXFileReference section */
		122D4E66A79C74C8387E84CA /* Pods-BlinkPoseAndSwipeiOSMLKit.debug.xcconfig */ = {isa = PBXFileReference; includeInIndex = 1; lastKnownFileType = text.xcconfig; name = "Pods-BlinkPoseAndSwipeiOSMLKit.debug.xcconfig"; path = "Target Support Files/Pods-BlinkPoseAndSwipeiOSMLKit/Pods-BlinkPoseAndSwipeiOSMLKit.debug.xcconfig"; sourceTree = "<group>"; };
		1E03B14623DB7CC90081F923 /* BlinkPoseAndSwipeiOSMLKit.app */ = {isa = PBXFileReference; explicitFileType = wrapper.application; includeInIndex = 0; path = BlinkPoseAndSwipeiOSMLKit.app; sourceTree = BUILT_PRODUCTS_DIR; };
		1E03B14923DB7CC90081F923 /* AppDelegate.swift */ = {isa = PBXFileReference; lastKnownFileType = sourcecode.swift; path = AppDelegate.swift; sourceTree = "<group>"; };
		1E03B14B23DB7CC90081F923 /* SceneDelegate.swift */ = {isa = PBXFileReference; lastKnownFileType = sourcecode.swift; path = SceneDelegate.swift; sourceTree = "<group>"; };
		1E03B14D23DB7CC90081F923 /* ViewController.swift */ = {isa = PBXFileReference; lastKnownFileType = sourcecode.swift; path = ViewController.swift; sourceTree = "<group>"; };
		1E03B15023DB7CC90081F923 /* Base */ = {isa = PBXFileReference; lastKnownFileType = file.storyboard; name = Base; path = Base.lproj/Main.storyboard; sourceTree = "<group>"; };
		1E03B15223DB7CCF0081F923 /* Assets.xcassets */ = {isa = PBXFileReference; lastKnownFileType = folder.assetcatalog; path = Assets.xcassets; sourceTree = "<group>"; };
		1E03B15523DB7CCF0081F923 /* Base */ = {isa = PBXFileReference; lastKnownFileType = file.storyboard; name = Base; path = Base.lproj/LaunchScreen.storyboard; sourceTree = "<group>"; };
		1E03B15723DB7CCF0081F923 /* Info.plist */ = {isa = PBXFileReference; lastKnownFileType = text.plist.xml; path = Info.plist; sourceTree = "<group>"; };
		1E03B16523DC58B00081F923 /* CameraView.swift */ = {isa = PBXFileReference; lastKnownFileType = sourcecode.swift; path = CameraView.swift; sourceTree = "<group>"; };
		6D3BDB7B280DE33B009255EE /* SwipeModality.swift */ = {isa = PBXFileReference; lastKnownFileType = sourcecode.swift; path = SwipeModality.swift; sourceTree = "<group>"; };
		6D3BDB7D280DE3EF009255EE /* SwipeCounter.swift */ = {isa = PBXFileReference; lastKnownFileType = sourcecode.swift; path = SwipeCounter.swift; sourceTree = "<group>"; };
		6D3BDB7F280DE3FD009255EE /* SwipeViewController.swift */ = {isa = PBXFileReference; lastKnownFileType = sourcecode.swift; path = SwipeViewController.swift; sourceTree = "<group>"; };
		6D3BDB81280DE416009255EE /* SwipePracticeViewController.swift */ = {isa = PBXFileReference; lastKnownFileType = sourcecode.swift; path = SwipePracticeViewController.swift; sourceTree = "<group>"; };
		6D3BDB83280DE614009255EE /* PracticeViewController.swift */ = {isa = PBXFileReference; lastKnownFileType = sourcecode.swift; path = PracticeViewController.swift; sourceTree = "<group>"; };
		6D3BDB8D28109BAA009255EE /* Lavalse_d_Amelie.pdf */ = {isa = PBXFileReference; lastKnownFileType = image.pdf; name = Lavalse_d_Amelie.pdf; path = ../../../../Lavalse_d_Amelie.pdf; sourceTree = "<group>"; };
		6DD2ED7B27E15E6B008D29B9 /* GoogleService-Info.plist */ = {isa = PBXFileReference; fileEncoding = 4; lastKnownFileType = text.plist.xml; path = "GoogleService-Info.plist"; sourceTree = "<group>"; };
		6DD2EDB327F127D9008D29B9 /* TURNING PAGE.pdf */ = {isa = PBXFileReference; lastKnownFileType = image.pdf; path = "TURNING PAGE.pdf"; sourceTree = "<group>"; };
		6DD2EDB527F33839008D29B9 /* HeadViewController.swift */ = {isa = PBXFileReference; lastKnownFileType = sourcecode.swift; path = HeadViewController.swift; sourceTree = "<group>"; };
		6DD2EDB927F3B734008D29B9 /* CustomCollectionViewCell.swift */ = {isa = PBXFileReference; lastKnownFileType = sourcecode.swift; path = CustomCollectionViewCell.swift; sourceTree = "<group>"; };
		6DD2EDBC27F3B888008D29B9 /* CollectionViewModel.swift */ = {isa = PBXFileReference; lastKnownFileType = sourcecode.swift; path = CollectionViewModel.swift; sourceTree = "<group>"; };
		6DD2EDBF27F3B8D6008D29B9 /* CollectionModel.swift */ = {isa = PBXFileReference; lastKnownFileType = sourcecode.swift; path = CollectionModel.swift; sourceTree = "<group>"; };
		6DD2EDC227F3BAF9008D29B9 /* HomeViewController.swift */ = {isa = PBXFileReference; lastKnownFileType = sourcecode.swift; path = HomeViewController.swift; sourceTree = "<group>"; };
		6DD2EDCA27F4CB8F008D29B9 /* count.json */ = {isa = PBXFileReference; fileEncoding = 4; lastKnownFileType = text.json; path = count.json; sourceTree = "<group>"; };
		6DD2EDCE27F4F460008D29B9 /* extensionView.swift */ = {isa = PBXFileReference; lastKnownFileType = sourcecode.swift; path = extensionView.swift; sourceTree = "<group>"; };
		6DD2EDD027F501CD008D29B9 /* TapViewController.swift */ = {isa = PBXFileReference; lastKnownFileType = sourcecode.swift; path = TapViewController.swift; sourceTree = "<group>"; };
		6DD2EDD427F61D43008D29B9 /* TapPracticeViewController.swift */ = {isa = PBXFileReference; lastKnownFileType = sourcecode.swift; path = TapPracticeViewController.swift; sourceTree = "<group>"; };
		6DD2EDD627F62CB0008D29B9 /* TapModality.swift */ = {isa = PBXFileReference; lastKnownFileType = sourcecode.swift; path = TapModality.swift; sourceTree = "<group>"; };
		6DD2EDD827F63D76008D29B9 /* practice.pdf */ = {isa = PBXFileReference; lastKnownFileType = image.pdf; path = practice.pdf; sourceTree = "<group>"; };
		6DD2EDDB27F640DD008D29B9 /* TapCounter.swift */ = {isa = PBXFileReference; lastKnownFileType = sourcecode.swift; path = TapCounter.swift; sourceTree = "<group>"; };
		6DD2EDDE27F641D6008D29B9 /* WinkCounter.swift */ = {isa = PBXFileReference; lastKnownFileType = sourcecode.swift; path = WinkCounter.swift; sourceTree = "<group>"; };
		6DD2EDE027F6422C008D29B9 /* WinkViewController.swift */ = {isa = PBXFileReference; lastKnownFileType = sourcecode.swift; path = WinkViewController.swift; sourceTree = "<group>"; };
		6DD2EDE227F6440F008D29B9 /* WinkModality.swift */ = {isa = PBXFileReference; lastKnownFileType = sourcecode.swift; path = WinkModality.swift; sourceTree = "<group>"; };
		6DD2EDE427F645DA008D29B9 /* WinkPracticeViewController.swift */ = {isa = PBXFileReference; lastKnownFileType = sourcecode.swift; path = WinkPracticeViewController.swift; sourceTree = "<group>"; };
		6DD2EDE727F64CD6008D29B9 /* HeadCounter.swift */ = {isa = PBXFileReference; lastKnownFileType = sourcecode.swift; path = HeadCounter.swift; sourceTree = "<group>"; };
		6DD2EDEB27F64CF8008D29B9 /* HeadModality.swift */ = {isa = PBXFileReference; lastKnownFileType = sourcecode.swift; path = HeadModality.swift; sourceTree = "<group>"; };
		6DD2EDED27F64D0C008D29B9 /* HeadPracticeViewController.swift */ = {isa = PBXFileReference; lastKnownFileType = sourcecode.swift; path = HeadPracticeViewController.swift; sourceTree = "<group>"; };
		6DD2EDEF27F655DB008D29B9 /* FootViewController.swift */ = {isa = PBXFileReference; lastKnownFileType = sourcecode.swift; path = FootViewController.swift; sourceTree = "<group>"; };
		6DD2EDF827FCDFCD008D29B9 /* FootModality.swift */ = {isa = PBXFileReference; lastKnownFileType = sourcecode.swift; path = FootModality.swift; sourceTree = "<group>"; };
		6DD2EDFA27FCE0A8008D29B9 /* FootCounter.swift */ = {isa = PBXFileReference; lastKnownFileType = sourcecode.swift; path = FootCounter.swift; sourceTree = "<group>"; };
		6DD2EDFC27FCE6A6008D29B9 /* FootPracticeViewController.swift */ = {isa = PBXFileReference; lastKnownFileType = sourcecode.swift; path = FootPracticeViewController.swift; sourceTree = "<group>"; };
		6DD2EE0027FDF358008D29B9 /* CoreBluetooth.framework */ = {isa = PBXFileReference; lastKnownFileType = wrapper.framework; name = CoreBluetooth.framework; path = System/Library/Frameworks/CoreBluetooth.framework; sourceTree = SDKROOT; };
		7C55B0282D96DE85D79BDE2C /* Pods_BlinkPoseAndSwipeiOSMLKit.framework */ = {isa = PBXFileReference; explicitFileType = wrapper.framework; includeInIndex = 0; path = Pods_BlinkPoseAndSwipeiOSMLKit.framework; sourceTree = BUILT_PRODUCTS_DIR; };
		E71ED78AF57B70971F4C952F /* Pods-BlinkPoseAndSwipeiOSMLKit.release.xcconfig */ = {isa = PBXFileReference; includeInIndex = 1; lastKnownFileType = text.xcconfig; name = "Pods-BlinkPoseAndSwipeiOSMLKit.release.xcconfig"; path = "Target Support Files/Pods-BlinkPoseAndSwipeiOSMLKit/Pods-BlinkPoseAndSwipeiOSMLKit.release.xcconfig"; sourceTree = "<group>"; };
/* End PBXFileReference section */

/* Begin PBXFrameworksBuildPhase section */
		1E03B14323DB7CC90081F923 /* Frameworks */ = {
			isa = PBXFrameworksBuildPhase;
			buildActionMask = 2147483647;
			files = (
				6DD2EE0127FDF359008D29B9 /* CoreBluetooth.framework in Frameworks */,
				AC16C0DFBAD9C31BEA360085 /* Pods_BlinkPoseAndSwipeiOSMLKit.framework in Frameworks */,
			);
			runOnlyForDeploymentPostprocessing = 0;
		};
/* End PBXFrameworksBuildPhase section */

/* Begin PBXGroup section */
		1E03B13D23DB7CC90081F923 = {
			isa = PBXGroup;
			children = (
				1E03B14823DB7CC90081F923 /* BlinkPoseAndSwipeiOSMLKit */,
				1E03B14723DB7CC90081F923 /* Products */,
				1E0CE522DE00A889EE2D076A /* Pods */,
				49AED5CF2D6CF5492C3B37CB /* Frameworks */,
			);
			sourceTree = "<group>";
		};
		1E03B14723DB7CC90081F923 /* Products */ = {
			isa = PBXGroup;
			children = (
				1E03B14623DB7CC90081F923 /* BlinkPoseAndSwipeiOSMLKit.app */,
			);
			name = Products;
			sourceTree = "<group>";
		};
		1E03B14823DB7CC90081F923 /* BlinkPoseAndSwipeiOSMLKit */ = {
			isa = PBXGroup;
			children = (
				6DD2EDCA27F4CB8F008D29B9 /* count.json */,
				6DD2EDBE27F3B8B3008D29B9 /* Model */,
				6DD2EDBB27F3B865008D29B9 /* ViewModel */,
				6DD2EDB727F3B6E9008D29B9 /* Views */,
				1E03B14923DB7CC90081F923 /* AppDelegate.swift */,
				1E03B14B23DB7CC90081F923 /* SceneDelegate.swift */,
				1E03B14D23DB7CC90081F923 /* ViewController.swift */,
				1E03B14F23DB7CC90081F923 /* Main.storyboard */,
				1E03B15223DB7CCF0081F923 /* Assets.xcassets */,
				1E03B15423DB7CCF0081F923 /* LaunchScreen.storyboard */,
				6DD2ED7B27E15E6B008D29B9 /* GoogleService-Info.plist */,
				1E03B15723DB7CCF0081F923 /* Info.plist */,
				6DD2EDD827F63D76008D29B9 /* practice.pdf */,
				6D3BDB8D28109BAA009255EE /* Lavalse_d_Amelie.pdf */,
				6DD2EDB327F127D9008D29B9 /* TURNING PAGE.pdf */,
			);
			path = BlinkPoseAndSwipeiOSMLKit;
			sourceTree = "<group>";
		};
		1E0CE522DE00A889EE2D076A /* Pods */ = {
			isa = PBXGroup;
			children = (
				122D4E66A79C74C8387E84CA /* Pods-BlinkPoseAndSwipeiOSMLKit.debug.xcconfig */,
				E71ED78AF57B70971F4C952F /* Pods-BlinkPoseAndSwipeiOSMLKit.release.xcconfig */,
			);
			path = Pods;
			sourceTree = "<group>";
		};
		49AED5CF2D6CF5492C3B37CB /* Frameworks */ = {
			isa = PBXGroup;
			children = (
				6DD2EE0027FDF358008D29B9 /* CoreBluetooth.framework */,
				7C55B0282D96DE85D79BDE2C /* Pods_BlinkPoseAndSwipeiOSMLKit.framework */,
			);
			name = Frameworks;
			sourceTree = "<group>";
		};
		6D3BDB7A280DE321009255EE /* Swipe */ = {
			isa = PBXGroup;
			children = (
				6D3BDB7B280DE33B009255EE /* SwipeModality.swift */,
				6D3BDB7D280DE3EF009255EE /* SwipeCounter.swift */,
				6D3BDB7F280DE3FD009255EE /* SwipeViewController.swift */,
				6D3BDB81280DE416009255EE /* SwipePracticeViewController.swift */,
			);
			path = Swipe;
			sourceTree = "<group>";
		};
		6DD2EDB727F3B6E9008D29B9 /* Views */ = {
			isa = PBXGroup;
			children = (
				6DD2EDC127F3BABA008D29B9 /* Controllers */,
				6DD2EDB827F3B70C008D29B9 /* cells */,
				6DD2EDCE27F4F460008D29B9 /* extensionView.swift */,
			);
			path = Views;
			sourceTree = "<group>";
		};
		6DD2EDB827F3B70C008D29B9 /* cells */ = {
			isa = PBXGroup;
			children = (
				6DD2EDB927F3B734008D29B9 /* CustomCollectionViewCell.swift */,
			);
			path = cells;
			sourceTree = "<group>";
		};
		6DD2EDBB27F3B865008D29B9 /* ViewModel */ = {
			isa = PBXGroup;
			children = (
				6DD2EDBC27F3B888008D29B9 /* CollectionViewModel.swift */,
			);
			path = ViewModel;
			sourceTree = "<group>";
		};
		6DD2EDBE27F3B8B3008D29B9 /* Model */ = {
			isa = PBXGroup;
			children = (
				6DD2EDBF27F3B8D6008D29B9 /* CollectionModel.swift */,
			);
			path = Model;
			sourceTree = "<group>";
		};
		6DD2EDC127F3BABA008D29B9 /* Controllers */ = {
			isa = PBXGroup;
			children = (
				6D3BDB7A280DE321009255EE /* Swipe */,
				6DD2EDF727FCDEC6008D29B9 /* Foot */,
				6DD2EDE627F64CC0008D29B9 /* Head */,
				6DD2EDDD27F641C0008D29B9 /* Wink */,
				6DD2EDDA27F640AE008D29B9 /* Tap */,
				6DD2EDC227F3BAF9008D29B9 /* HomeViewController.swift */,
				1E03B16523DC58B00081F923 /* CameraView.swift */,
				6D3BDB83280DE614009255EE /* PracticeViewController.swift */,
			);
			path = Controllers;
			sourceTree = "<group>";
		};
		6DD2EDDA27F640AE008D29B9 /* Tap */ = {
			isa = PBXGroup;
			children = (
				6DD2EDD427F61D43008D29B9 /* TapPracticeViewController.swift */,
				6DD2EDD627F62CB0008D29B9 /* TapModality.swift */,
				6DD2EDD027F501CD008D29B9 /* TapViewController.swift */,
				6DD2EDDB27F640DD008D29B9 /* TapCounter.swift */,
			);
			path = Tap;
			sourceTree = "<group>";
		};
		6DD2EDDD27F641C0008D29B9 /* Wink */ = {
			isa = PBXGroup;
			children = (
				6DD2EDDE27F641D6008D29B9 /* WinkCounter.swift */,
				6DD2EDE027F6422C008D29B9 /* WinkViewController.swift */,
				6DD2EDE227F6440F008D29B9 /* WinkModality.swift */,
				6DD2EDE427F645DA008D29B9 /* WinkPracticeViewController.swift */,
			);
			path = Wink;
			sourceTree = "<group>";
		};
		6DD2EDE627F64CC0008D29B9 /* Head */ = {
			isa = PBXGroup;
			children = (
				6DD2EDE727F64CD6008D29B9 /* HeadCounter.swift */,
				6DD2EDB527F33839008D29B9 /* HeadViewController.swift */,
				6DD2EDEB27F64CF8008D29B9 /* HeadModality.swift */,
				6DD2EDED27F64D0C008D29B9 /* HeadPracticeViewController.swift */,
			);
			path = Head;
			sourceTree = "<group>";
		};
		6DD2EDF727FCDEC6008D29B9 /* Foot */ = {
			isa = PBXGroup;
			children = (
				6DD2EDEF27F655DB008D29B9 /* FootViewController.swift */,
				6DD2EDF827FCDFCD008D29B9 /* FootModality.swift */,
				6DD2EDFA27FCE0A8008D29B9 /* FootCounter.swift */,
				6DD2EDFC27FCE6A6008D29B9 /* FootPracticeViewController.swift */,
			);
			path = Foot;
			sourceTree = "<group>";
		};
/* End PBXGroup section */

/* Begin PBXNativeTarget section */
		1E03B14523DB7CC90081F923 /* BlinkPoseAndSwipeiOSMLKit */ = {
			isa = PBXNativeTarget;
			buildConfigurationList = 1E03B15A23DB7CCF0081F923 /* Build configuration list for PBXNativeTarget "BlinkPoseAndSwipeiOSMLKit" */;
			buildPhases = (
				99AA3F801153ABC772E1F066 /* [CP] Check Pods Manifest.lock */,
				1E03B14223DB7CC90081F923 /* Sources */,
				1E03B14323DB7CC90081F923 /* Frameworks */,
				1E03B14423DB7CC90081F923 /* Resources */,
				92ADE622418B7358C5AFE1D1 /* [CP] Embed Pods Frameworks */,
				03AE57A160FB2BCACE54DA8F /* [CP] Copy Pods Resources */,
			);
			buildRules = (
			);
			dependencies = (
			);
			name = BlinkPoseAndSwipeiOSMLKit;
			productName = BlinkPoseAndSwipeiOSMLKit;
			productReference = 1E03B14623DB7CC90081F923 /* BlinkPoseAndSwipeiOSMLKit.app */;
			productType = "com.apple.product-type.application";
		};
/* End PBXNativeTarget section */

/* Begin PBXProject section */
		1E03B13E23DB7CC90081F923 /* Project object */ = {
			isa = PBXProject;
			attributes = {
				LastSwiftUpdateCheck = 1130;
				LastUpgradeCheck = 1320;
				ORGANIZATIONNAME = bytes;
				TargetAttributes = {
					1E03B14523DB7CC90081F923 = {
						CreatedOnToolsVersion = 11.3;
					};
				};
			};
			buildConfigurationList = 1E03B14123DB7CC90081F923 /* Build configuration list for PBXProject "BlinkPoseAndSwipeiOSMLKit" */;
			compatibilityVersion = "Xcode 9.3";
			developmentRegion = en;
			hasScannedForEncodings = 0;
			knownRegions = (
				en,
				Base,
			);
			mainGroup = 1E03B13D23DB7CC90081F923;
			productRefGroup = 1E03B14723DB7CC90081F923 /* Products */;
			projectDirPath = "";
			projectRoot = "";
			targets = (
				1E03B14523DB7CC90081F923 /* BlinkPoseAndSwipeiOSMLKit */,
			);
		};
/* End PBXProject section */

/* Begin PBXResourcesBuildPhase section */
		1E03B14423DB7CC90081F923 /* Resources */ = {
			isa = PBXResourcesBuildPhase;
			buildActionMask = 2147483647;
			files = (
				6DD2EDB427F127DA008D29B9 /* TURNING PAGE.pdf in Resources */,
				6DD2EDCB27F4CB8F008D29B9 /* count.json in Resources */,
				1E03B15623DB7CCF0081F923 /* LaunchScreen.storyboard in Resources */,
				6DD2ED7C27E15E6C008D29B9 /* GoogleService-Info.plist in Resources */,
				1E03B15323DB7CCF0081F923 /* Assets.xcassets in Resources */,
				6DD2EDD927F63D77008D29B9 /* practice.pdf in Resources */,
				1E03B15123DB7CC90081F923 /* Main.storyboard in Resources */,
				6D3BDB8E28109BAA009255EE /* Lavalse_d_Amelie.pdf in Resources */,
			);
			runOnlyForDeploymentPostprocessing = 0;
		};
/* End PBXResourcesBuildPhase section */

/* Begin PBXShellScriptBuildPhase section */
		03AE57A160FB2BCACE54DA8F /* [CP] Copy Pods Resources */ = {
			isa = PBXShellScriptBuildPhase;
			buildActionMask = 2147483647;
			files = (
			);
			inputFileListPaths = (
				"${PODS_ROOT}/Target Support Files/Pods-BlinkPoseAndSwipeiOSMLKit/Pods-BlinkPoseAndSwipeiOSMLKit-resources-${CONFIGURATION}-input-files.xcfilelist",
			);
			name = "[CP] Copy Pods Resources";
			outputFileListPaths = (
				"${PODS_ROOT}/Target Support Files/Pods-BlinkPoseAndSwipeiOSMLKit/Pods-BlinkPoseAndSwipeiOSMLKit-resources-${CONFIGURATION}-output-files.xcfilelist",
			);
			runOnlyForDeploymentPostprocessing = 0;
			shellPath = /bin/sh;
			shellScript = "\"${PODS_ROOT}/Target Support Files/Pods-BlinkPoseAndSwipeiOSMLKit/Pods-BlinkPoseAndSwipeiOSMLKit-resources.sh\"\n";
			showEnvVarsInLog = 0;
		};
		92ADE622418B7358C5AFE1D1 /* [CP] Embed Pods Frameworks */ = {
			isa = PBXShellScriptBuildPhase;
			buildActionMask = 2147483647;
			files = (
			);
			inputFileListPaths = (
				"${PODS_ROOT}/Target Support Files/Pods-BlinkPoseAndSwipeiOSMLKit/Pods-BlinkPoseAndSwipeiOSMLKit-frameworks-${CONFIGURATION}-input-files.xcfilelist",
			);
			name = "[CP] Embed Pods Frameworks";
			outputFileListPaths = (
				"${PODS_ROOT}/Target Support Files/Pods-BlinkPoseAndSwipeiOSMLKit/Pods-BlinkPoseAndSwipeiOSMLKit-frameworks-${CONFIGURATION}-output-files.xcfilelist",
			);
			runOnlyForDeploymentPostprocessing = 0;
			shellPath = /bin/sh;
			shellScript = "\"${PODS_ROOT}/Target Support Files/Pods-BlinkPoseAndSwipeiOSMLKit/Pods-BlinkPoseAndSwipeiOSMLKit-frameworks.sh\"\n";
			showEnvVarsInLog = 0;
		};
		99AA3F801153ABC772E1F066 /* [CP] Check Pods Manifest.lock */ = {
			isa = PBXShellScriptBuildPhase;
			buildActionMask = 2147483647;
			files = (
			);
			inputFileListPaths = (
			);
			inputPaths = (
				"${PODS_PODFILE_DIR_PATH}/Podfile.lock",
				"${PODS_ROOT}/Manifest.lock",
			);
			name = "[CP] Check Pods Manifest.lock";
			outputFileListPaths = (
			);
			outputPaths = (
				"$(DERIVED_FILE_DIR)/Pods-BlinkPoseAndSwipeiOSMLKit-checkManifestLockResult.txt",
			);
			runOnlyForDeploymentPostprocessing = 0;
			shellPath = /bin/sh;
			shellScript = "diff \"${PODS_PODFILE_DIR_PATH}/Podfile.lock\" \"${PODS_ROOT}/Manifest.lock\" > /dev/null\nif [ $? != 0 ] ; then\n    # print error to STDERR\n    echo \"error: The sandbox is not in sync with the Podfile.lock. Run 'pod install' or update your CocoaPods installation.\" >&2\n    exit 1\nfi\n# This output is used by Xcode 'outputs' to avoid re-running this script phase.\necho \"SUCCESS\" > \"${SCRIPT_OUTPUT_FILE_0}\"\n";
			showEnvVarsInLog = 0;
		};
/* End PBXShellScriptBuildPhase section */

/* Begin PBXSourcesBuildPhase section */
		1E03B14223DB7CC90081F923 /* Sources */ = {
			isa = PBXSourcesBuildPhase;
			buildActionMask = 2147483647;
			files = (
				6DD2EDBA27F3B734008D29B9 /* CustomCollectionViewCell.swift in Sources */,
				1E03B14E23DB7CC90081F923 /* ViewController.swift in Sources */,
				6DD2EDF027F655DB008D29B9 /* FootViewController.swift in Sources */,
				6D3BDB84280DE614009255EE /* PracticeViewController.swift in Sources */,
				6D3BDB7C280DE33B009255EE /* SwipeModality.swift in Sources */,
				1E03B14A23DB7CC90081F923 /* AppDelegate.swift in Sources */,
				6DD2EDFB27FCE0A8008D29B9 /* FootCounter.swift in Sources */,
				6DD2EDB627F33839008D29B9 /* HeadViewController.swift in Sources */,
				6DD2EDC027F3B8D6008D29B9 /* CollectionModel.swift in Sources */,
				6D3BDB7E280DE3EF009255EE /* SwipeCounter.swift in Sources */,
				6DD2EDEC27F64CF8008D29B9 /* HeadModality.swift in Sources */,
				6DD2EDD127F501CD008D29B9 /* TapViewController.swift in Sources */,
				6DD2EDE327F6440F008D29B9 /* WinkModality.swift in Sources */,
				6DD2EDD527F61D44008D29B9 /* TapPracticeViewController.swift in Sources */,
				6DD2EDBD27F3B888008D29B9 /* CollectionViewModel.swift in Sources */,
				6D3BDB82280DE416009255EE /* SwipePracticeViewController.swift in Sources */,
				6DD2EDDC27F640DD008D29B9 /* TapCounter.swift in Sources */,
				1E03B14C23DB7CC90081F923 /* SceneDelegate.swift in Sources */,
				6DD2EDFD27FCE6A6008D29B9 /* FootPracticeViewController.swift in Sources */,
				6DD2EDCF27F4F461008D29B9 /* extensionView.swift in Sources */,
				6DD2EDE527F645DA008D29B9 /* WinkPracticeViewController.swift in Sources */,
				6D3BDB80280DE3FD009255EE /* SwipeViewController.swift in Sources */,
				6DD2EDDF27F641D6008D29B9 /* WinkCounter.swift in Sources */,
				6DD2EDF927FCDFCD008D29B9 /* FootModality.swift in Sources */,
				6DD2EDEE27F64D0C008D29B9 /* HeadPracticeViewController.swift in Sources */,
				6DD2EDE127F6422C008D29B9 /* WinkViewController.swift in Sources */,
				6DD2EDC327F3BAF9008D29B9 /* HomeViewController.swift in Sources */,
				1E03B16623DC58B00081F923 /* CameraView.swift in Sources */,
				6DD2EDE827F64CD8008D29B9 /* HeadCounter.swift in Sources */,
				6DD2EDD727F62CB0008D29B9 /* TapModality.swift in Sources */,
			);
			runOnlyForDeploymentPostprocessing = 0;
		};
/* End PBXSourcesBuildPhase section */

/* Begin PBXVariantGroup section */
		1E03B14F23DB7CC90081F923 /* Main.storyboard */ = {
			isa = PBXVariantGroup;
			children = (
				1E03B15023DB7CC90081F923 /* Base */,
			);
			name = Main.storyboard;
			sourceTree = "<group>";
		};
		1E03B15423DB7CCF0081F923 /* LaunchScreen.storyboard */ = {
			isa = PBXVariantGroup;
			children = (
				1E03B15523DB7CCF0081F923 /* Base */,
			);
			name = LaunchScreen.storyboard;
			sourceTree = "<group>";
		};
/* End PBXVariantGroup section */

/* Begin XCBuildConfiguration section */
		1E03B15823DB7CCF0081F923 /* Debug */ = {
			isa = XCBuildConfiguration;
			buildSettings = {
				ALWAYS_SEARCH_USER_PATHS = NO;
				CLANG_ANALYZER_NONNULL = YES;
				CLANG_ANALYZER_NUMBER_OBJECT_CONVERSION = YES_AGGRESSIVE;
				CLANG_CXX_LANGUAGE_STANDARD = "gnu++14";
				CLANG_CXX_LIBRARY = "libc++";
				CLANG_ENABLE_MODULES = YES;
				CLANG_ENABLE_OBJC_ARC = YES;
				CLANG_ENABLE_OBJC_WEAK = YES;
				CLANG_WARN_BLOCK_CAPTURE_AUTORELEASING = YES;
				CLANG_WARN_BOOL_CONVERSION = YES;
				CLANG_WARN_COMMA = YES;
				CLANG_WARN_CONSTANT_CONVERSION = YES;
				CLANG_WARN_DEPRECATED_OBJC_IMPLEMENTATIONS = YES;
				CLANG_WARN_DIRECT_OBJC_ISA_USAGE = YES_ERROR;
				CLANG_WARN_DOCUMENTATION_COMMENTS = YES;
				CLANG_WARN_EMPTY_BODY = YES;
				CLANG_WARN_ENUM_CONVERSION = YES;
				CLANG_WARN_INFINITE_RECURSION = YES;
				CLANG_WARN_INT_CONVERSION = YES;
				CLANG_WARN_NON_LITERAL_NULL_CONVERSION = YES;
				CLANG_WARN_OBJC_IMPLICIT_RETAIN_SELF = YES;
				CLANG_WARN_OBJC_LITERAL_CONVERSION = YES;
				CLANG_WARN_OBJC_ROOT_CLASS = YES_ERROR;
				CLANG_WARN_QUOTED_INCLUDE_IN_FRAMEWORK_HEADER = YES;
				CLANG_WARN_RANGE_LOOP_ANALYSIS = YES;
				CLANG_WARN_STRICT_PROTOTYPES = YES;
				CLANG_WARN_SUSPICIOUS_MOVE = YES;
				CLANG_WARN_UNGUARDED_AVAILABILITY = YES_AGGRESSIVE;
				CLANG_WARN_UNREACHABLE_CODE = YES;
				CLANG_WARN__DUPLICATE_METHOD_MATCH = YES;
				COPY_PHASE_STRIP = NO;
				DEBUG_INFORMATION_FORMAT = dwarf;
				ENABLE_STRICT_OBJC_MSGSEND = YES;
				ENABLE_TESTABILITY = YES;
				GCC_C_LANGUAGE_STANDARD = gnu11;
				GCC_DYNAMIC_NO_PIC = NO;
				GCC_NO_COMMON_BLOCKS = YES;
				GCC_OPTIMIZATION_LEVEL = 0;
				GCC_PREPROCESSOR_DEFINITIONS = (
					"DEBUG=1",
					"$(inherited)",
				);
				GCC_WARN_64_TO_32_BIT_CONVERSION = YES;
				GCC_WARN_ABOUT_RETURN_TYPE = YES_ERROR;
				GCC_WARN_UNDECLARED_SELECTOR = YES;
				GCC_WARN_UNINITIALIZED_AUTOS = YES_AGGRESSIVE;
				GCC_WARN_UNUSED_FUNCTION = YES;
				GCC_WARN_UNUSED_VARIABLE = YES;
				IPHONEOS_DEPLOYMENT_TARGET = 13.2;
				MTL_ENABLE_DEBUG_INFO = INCLUDE_SOURCE;
				MTL_FAST_MATH = YES;
				ONLY_ACTIVE_ARCH = YES;
				SDKROOT = iphoneos;
				SWIFT_ACTIVE_COMPILATION_CONDITIONS = DEBUG;
				SWIFT_OPTIMIZATION_LEVEL = "-Onone";
			};
			name = Debug;
		};
		1E03B15923DB7CCF0081F923 /* Release */ = {
			isa = XCBuildConfiguration;
			buildSettings = {
				ALWAYS_SEARCH_USER_PATHS = NO;
				CLANG_ANALYZER_NONNULL = YES;
				CLANG_ANALYZER_NUMBER_OBJECT_CONVERSION = YES_AGGRESSIVE;
				CLANG_CXX_LANGUAGE_STANDARD = "gnu++14";
				CLANG_CXX_LIBRARY = "libc++";
				CLANG_ENABLE_MODULES = YES;
				CLANG_ENABLE_OBJC_ARC = YES;
				CLANG_ENABLE_OBJC_WEAK = YES;
				CLANG_WARN_BLOCK_CAPTURE_AUTORELEASING = YES;
				CLANG_WARN_BOOL_CONVERSION = YES;
				CLANG_WARN_COMMA = YES;
				CLANG_WARN_CONSTANT_CONVERSION = YES;
				CLANG_WARN_DEPRECATED_OBJC_IMPLEMENTATIONS = YES;
				CLANG_WARN_DIRECT_OBJC_ISA_USAGE = YES_ERROR;
				CLANG_WARN_DOCUMENTATION_COMMENTS = YES;
				CLANG_WARN_EMPTY_BODY = YES;
				CLANG_WARN_ENUM_CONVERSION = YES;
				CLANG_WARN_INFINITE_RECURSION = YES;
				CLANG_WARN_INT_CONVERSION = YES;
				CLANG_WARN_NON_LITERAL_NULL_CONVERSION = YES;
				CLANG_WARN_OBJC_IMPLICIT_RETAIN_SELF = YES;
				CLANG_WARN_OBJC_LITERAL_CONVERSION = YES;
				CLANG_WARN_OBJC_ROOT_CLASS = YES_ERROR;
				CLANG_WARN_QUOTED_INCLUDE_IN_FRAMEWORK_HEADER = YES;
				CLANG_WARN_RANGE_LOOP_ANALYSIS = YES;
				CLANG_WARN_STRICT_PROTOTYPES = YES;
				CLANG_WARN_SUSPICIOUS_MOVE = YES;
				CLANG_WARN_UNGUARDED_AVAILABILITY = YES_AGGRESSIVE;
				CLANG_WARN_UNREACHABLE_CODE = YES;
				CLANG_WARN__DUPLICATE_METHOD_MATCH = YES;
				COPY_PHASE_STRIP = NO;
				DEBUG_INFORMATION_FORMAT = "dwarf-with-dsym";
				ENABLE_NS_ASSERTIONS = NO;
				ENABLE_STRICT_OBJC_MSGSEND = YES;
				GCC_C_LANGUAGE_STANDARD = gnu11;
				GCC_NO_COMMON_BLOCKS = YES;
				GCC_WARN_64_TO_32_BIT_CONVERSION = YES;
				GCC_WARN_ABOUT_RETURN_TYPE = YES_ERROR;
				GCC_WARN_UNDECLARED_SELECTOR = YES;
				GCC_WARN_UNINITIALIZED_AUTOS = YES_AGGRESSIVE;
				GCC_WARN_UNUSED_FUNCTION = YES;
				GCC_WARN_UNUSED_VARIABLE = YES;
				IPHONEOS_DEPLOYMENT_TARGET = 13.2;
				MTL_ENABLE_DEBUG_INFO = NO;
				MTL_FAST_MATH = YES;
				SDKROOT = iphoneos;
				SWIFT_COMPILATION_MODE = wholemodule;
				SWIFT_OPTIMIZATION_LEVEL = "-O";
				VALIDATE_PRODUCT = YES;
			};
			name = Release;
		};
		1E03B15B23DB7CCF0081F923 /* Debug */ = {
			isa = XCBuildConfiguration;
			baseConfigurationReference = 122D4E66A79C74C8387E84CA /* Pods-BlinkPoseAndSwipeiOSMLKit.debug.xcconfig */;
			buildSettings = {
				ASSETCATALOG_COMPILER_APPICON_NAME = AppIcon;
				CODE_SIGN_STYLE = Automatic;
				DEVELOPMENT_TEAM = 8F726SH9US;
				INFOPLIST_FILE = BlinkPoseAndSwipeiOSMLKit/Info.plist;
				IPHONEOS_DEPLOYMENT_TARGET = 14.0;
				LD_RUNPATH_SEARCH_PATHS = (
					"$(inherited)",
					"@executable_path/Frameworks",
				);
				PRODUCT_BUNDLE_IDENTIFIER = com.bytepro.BlinkAndSwipeiOSMLKit;
				PRODUCT_NAME = "$(TARGET_NAME)";
				SWIFT_VERSION = 5.0;
				TARGETED_DEVICE_FAMILY = "1,2";
			};
			name = Debug;
		};
		1E03B15C23DB7CCF0081F923 /* Release */ = {
			isa = XCBuildConfiguration;
			baseConfigurationReference = E71ED78AF57B70971F4C952F /* Pods-BlinkPoseAndSwipeiOSMLKit.release.xcconfig */;
			buildSettings = {
				ASSETCATALOG_COMPILER_APPICON_NAME = AppIcon;
				CODE_SIGN_STYLE = Automatic;
				DEVELOPMENT_TEAM = 8F726SH9US;
				INFOPLIST_FILE = BlinkPoseAndSwipeiOSMLKit/Info.plist;
				IPHONEOS_DEPLOYMENT_TARGET = 14.0;
				LD_RUNPATH_SEARCH_PATHS = (
					"$(inherited)",
					"@executable_path/Frameworks",
				);
				PRODUCT_BUNDLE_IDENTIFIER = com.bytepro.BlinkAndSwipeiOSMLKit;
				PRODUCT_NAME = "$(TARGET_NAME)";
				SWIFT_VERSION = 5.0;
				TARGETED_DEVICE_FAMILY = "1,2";
			};
			name = Release;
		};
/* End XCBuildConfiguration section */

/* Begin XCConfigurationList section */
		1E03B14123DB7CC90081F923 /* Build configuration list for PBXProject "BlinkPoseAndSwipeiOSMLKit" */ = {
			isa = XCConfigurationList;
			buildConfigurations = (
				1E03B15823DB7CCF0081F923 /* Debug */,
				1E03B15923DB7CCF0081F923 /* Release */,
			);
			defaultConfigurationIsVisible = 0;
			defaultConfigurationName = Release;
		};
		1E03B15A23DB7CCF0081F923 /* Build configuration list for PBXNativeTarget "BlinkPoseAndSwipeiOSMLKit" */ = {
			isa = XCConfigurationList;
			buildConfigurations = (
				1E03B15B23DB7CCF0081F923 /* Debug */,
				1E03B15C23DB7CCF0081F923 /* Release */,
			);
			defaultConfigurationIsVisible = 0;
			defaultConfigurationName = Release;
		};
/* End XCConfigurationList section */
	};
	rootObject = 1E03B13E23DB7CC90081F923 /* Project object */;
}
