// !$*UTF8*$!
{
	archiveVersion = 1;
	classes = {
	};
	objectVersion = 54;
	objects = {

/* Begin PBXBuildFile section */
		023CEF5BC32E19ED2DE400B5 /* SubscriptionStore.swift in Sources */ = {isa = PBXBuildFile; fileRef = 0CA614DBF2D8E91475E6ABCE /* SubscriptionStore.swift */; };
		02BB1D240D1E400D890CE1AC /* AnnotationOverlayView.swift in Sources */ = {isa = PBXBuildFile; fileRef = FAB363A443C872409FF1168F /* AnnotationOverlayView.swift */; };
		18EE7ED51AE223061506B32B /* AnnotationTool.swift in Sources */ = {isa = PBXBuildFile; fileRef = D493FB1E70BDE1CB3E340DD0 /* AnnotationTool.swift */; };
		1DBFD1A2AAD90C3D716FA5E4 /* Localizable.strings in Resources */ = {isa = PBXBuildFile; fileRef = 0D346EAB1AFA139E60A294D0 /* Localizable.strings */; };
		1E03B14A23DB7CC90081F923 /* AppDelegate.swift in Sources */ = {isa = PBXBuildFile; fileRef = 1E03B14923DB7CC90081F923 /* AppDelegate.swift */; };
		1E03B14C23DB7CC90081F923 /* SceneDelegate.swift in Sources */ = {isa = PBXBuildFile; fileRef = 1E03B14B23DB7CC90081F923 /* SceneDelegate.swift */; };
		1E03B15323DB7CCF0081F923 /* Assets.xcassets in Resources */ = {isa = PBXBuildFile; fileRef = 1E03B15223DB7CCF0081F923 /* Assets.xcassets */; };
		1E03B15623DB7CCF0081F923 /* LaunchScreen.storyboard in Resources */ = {isa = PBXBuildFile; fileRef = 1E03B15423DB7CCF0081F923 /* LaunchScreen.storyboard */; };
		280EBC7DFBB5F11EFB82271B /* FaceGestureConfig.swift in Sources */ = {isa = PBXBuildFile; fileRef = 82E910EFA30830C5DC8D7898 /* FaceGestureConfig.swift */; };
		29962997D406AF8E527B56E9 /* GestureSettings.swift in Sources */ = {isa = PBXBuildFile; fileRef = 7F4310D8C777A54C1C737CB8 /* GestureSettings.swift */; };
		3F77822476E9B7F4741DE874 /* Score.swift in Sources */ = {isa = PBXBuildFile; fileRef = A5E3B5F75F70F1462FD1F6CC /* Score.swift */; };
		45BAF840B96EC79C1A4CD1D0 /* PrivacyInfo.xcprivacy in Resources */ = {isa = PBXBuildFile; fileRef = 8833D23FAE7875C6B963B460 /* PrivacyInfo.xcprivacy */; };
		4EA2023A8D6D57EF45EE352A /* TapGestureDetector.swift in Sources */ = {isa = PBXBuildFile; fileRef = 6F12E36F41E35AFB83A32560 /* TapGestureDetector.swift */; };
		51C005768FCB54843ABC2E75 /* VisionFaceGestureDetector.swift in Sources */ = {isa = PBXBuildFile; fileRef = 8214A83EA2DCC7C430BA1D02 /* VisionFaceGestureDetector.swift */; };
		54144507A6F44B1766970B9E /* SettingsViewController.swift in Sources */ = {isa = PBXBuildFile; fileRef = 670A5620EFE42DAFB39B5226 /* SettingsViewController.swift */; };
		5460BC79B559EDE60344021E /* VisionFaceMetrics.swift in Sources */ = {isa = PBXBuildFile; fileRef = 55EF3496E0B525C82CEA9711 /* VisionFaceMetrics.swift */; };
		57087E06FB6729C09FAA6BE3 /* MIDIPageTurnController.swift in Sources */ = {isa = PBXBuildFile; fileRef = 3003215253C7DB10F35A874E /* MIDIPageTurnController.swift */; };
		5CD685D67BFF46F76F7D99B1 /* Localizable.stringsdict in Resources */ = {isa = PBXBuildFile; fileRef = C070970E458F876DFA2C35F3 /* Localizable.stringsdict */; };
		6592616ABA004EFD79481A25 /* ScoreViewerViewController.swift in Sources */ = {isa = PBXBuildFile; fileRef = 2DEDF72B6CC688FDC8F3B313 /* ScoreViewerViewController.swift */; };
		67447465D08A190C47EB51A0 /* Localization.swift in Sources */ = {isa = PBXBuildFile; fileRef = 2966FE7C571AEAA3B4623E02 /* Localization.swift */; };
		6865B251E358177D94FE0473 /* MetronomeViewController.swift in Sources */ = {isa = PBXBuildFile; fileRef = 811EE843FDEFBE7745F84F94 /* MetronomeViewController.swift */; };
		6AE112ABE8B5C70810F4565E /* LibraryViewController.swift in Sources */ = {isa = PBXBuildFile; fileRef = 1AB1107D4E18C0476CB9E294 /* LibraryViewController.swift */; };
		6B3A36F26FF49A4AC99D8D15 /* TrialManager.swift in Sources */ = {isa = PBXBuildFile; fileRef = 7C114BEBF5AD4927A42CCD44 /* TrialManager.swift */; };
		6D43643C9EB3A2D57318CBA1 /* ARFaceGestureDetector.swift in Sources */ = {isa = PBXBuildFile; fileRef = 7A7C8DC2C7E8725D21D96AD3 /* ARFaceGestureDetector.swift */; };
		6D84A54BD1BE975A69A44218 /* GestureDetector.swift in Sources */ = {isa = PBXBuildFile; fileRef = 276105796F796C064971C3A9 /* GestureDetector.swift */; };
		6DD2EE0127FDF359008D29B9 /* CoreBluetooth.framework in Frameworks */ = {isa = PBXBuildFile; fileRef = 6DD2EE0027FDF358008D29B9 /* CoreBluetooth.framework */; };
		7B8A612BADCA5745BFFD953C /* MetronomeEngine.swift in Sources */ = {isa = PBXBuildFile; fileRef = 74718BB5B7B8008E8600EE77 /* MetronomeEngine.swift */; };
		7C27BD0EEC25E0CDFABCFE85 /* GestureFeedbackView.swift in Sources */ = {isa = PBXBuildFile; fileRef = D75B1B95C918C92064CF0B6C /* GestureFeedbackView.swift */; };
		923D501EC448407D57D9B10C /* LibraryScoreCell.swift in Sources */ = {isa = PBXBuildFile; fileRef = F7F1BB68877F9C27AD5F0A51 /* LibraryScoreCell.swift */; };
		AB50E0D4164888E8A96A4AB1 /* FaceGestureProcessor.swift in Sources */ = {isa = PBXBuildFile; fileRef = 0222C0BDCEF47093081F24D9 /* FaceGestureProcessor.swift */; };
		AC16C0DFBAD9C31BEA360085 /* Pods_BlinkPoseAndSwipeiOSMLKit.framework in Frameworks */ = {isa = PBXBuildFile; fileRef = 7C55B0282D96DE85D79BDE2C /* Pods_BlinkPoseAndSwipeiOSMLKit.framework */; };
		B50D475ED20A46F4A537C084 /* EntitlementManager.swift in Sources */ = {isa = PBXBuildFile; fileRef = 75B51C488D5D9F7635C2DE5E /* EntitlementManager.swift */; };
		C38CCFFC3D9D7C6909F795B2 /* OnboardingViewController.swift in Sources */ = {isa = PBXBuildFile; fileRef = C47312D1CE57BFE85942B7AE /* OnboardingViewController.swift */; };
		C91393CF457B7F7C51D0DA6B /* ModalityKind.swift in Sources */ = {isa = PBXBuildFile; fileRef = 941024C16A09B97BD2F96025 /* ModalityKind.swift */; };
		CDAF4370D1CE21026CF5F863 /* PaywallViewController.swift in Sources */ = {isa = PBXBuildFile; fileRef = 4B2806DE56F8C580F7C78DBF /* PaywallViewController.swift */; };
		D93E9B6DAFD564B7A6874F51 /* MIDIPlaybackEngine.swift in Sources */ = {isa = PBXBuildFile; fileRef = 500CDE0F1AE638FD064F930B /* MIDIPlaybackEngine.swift */; };
		DC1249E46283000208F6E10A /* Theme.swift in Sources */ = {isa = PBXBuildFile; fileRef = 7E22DBD7FBC00E3219BA3B57 /* Theme.swift */; };
		DDAA3C0CD58249E35E54AC3A /* HardwareKeyGestureDetector.swift in Sources */ = {isa = PBXBuildFile; fileRef = 4A90661836724116B90E13FC /* HardwareKeyGestureDetector.swift */; };
		EA3F3796E544A54B3CA47A64 /* SwipeGestureDetector.swift in Sources */ = {isa = PBXBuildFile; fileRef = 0DCA43F81AD6E7AE001A409C /* SwipeGestureDetector.swift */; };
		ECBFC6B141EBEA95E6DD6A69 /* ScoreLibrary.swift in Sources */ = {isa = PBXBuildFile; fileRef = 6341CA3202010BF240356916 /* ScoreLibrary.swift */; };
		F316ADF85B0BCCA8E93448AF /* InfoPlist.strings in Resources */ = {isa = PBXBuildFile; fileRef = 241FB297565FF94AF24F994A /* InfoPlist.strings */; };
		FDD7DB6C5B9D26CA0D9A97A1 /* PlaceholderScoreGenerator.swift in Sources */ = {isa = PBXBuildFile; fileRef = 8249788828DE6526531AD7AA /* PlaceholderScoreGenerator.swift */; };
/* End PBXBuildFile section */

/* Begin PBXFileReference section */
		0222C0BDCEF47093081F24D9 /* FaceGestureProcessor.swift */ = {isa = PBXFileReference; includeInIndex = 1; lastKnownFileType = sourcecode.swift; path = FaceGestureProcessor.swift; sourceTree = "<group>"; };
		0CA614DBF2D8E91475E6ABCE /* SubscriptionStore.swift */ = {isa = PBXFileReference; includeInIndex = 1; lastKnownFileType = sourcecode.swift; path = SubscriptionStore.swift; sourceTree = "<group>"; };
		0DCA43F81AD6E7AE001A409C /* SwipeGestureDetector.swift */ = {isa = PBXFileReference; includeInIndex = 1; lastKnownFileType = sourcecode.swift; path = SwipeGestureDetector.swift; sourceTree = "<group>"; };
		122D4E66A79C74C8387E84CA /* Pods-BlinkPoseAndSwipeiOSMLKit.debug.xcconfig */ = {isa = PBXFileReference; includeInIndex = 1; lastKnownFileType = text.xcconfig; name = "Pods-BlinkPoseAndSwipeiOSMLKit.debug.xcconfig"; path = "Target Support Files/Pods-BlinkPoseAndSwipeiOSMLKit/Pods-BlinkPoseAndSwipeiOSMLKit.debug.xcconfig"; sourceTree = "<group>"; };
		1AB1107D4E18C0476CB9E294 /* LibraryViewController.swift */ = {isa = PBXFileReference; includeInIndex = 1; lastKnownFileType = sourcecode.swift; path = LibraryViewController.swift; sourceTree = "<group>"; };
		1E03B14623DB7CC90081F923 /* BlinkPoseAndSwipeiOSMLKit.app */ = {isa = PBXFileReference; explicitFileType = wrapper.application; includeInIndex = 0; path = BlinkPoseAndSwipeiOSMLKit.app; sourceTree = BUILT_PRODUCTS_DIR; };
		1E03B14923DB7CC90081F923 /* AppDelegate.swift */ = {isa = PBXFileReference; lastKnownFileType = sourcecode.swift; path = AppDelegate.swift; sourceTree = "<group>"; };
		1E03B14B23DB7CC90081F923 /* SceneDelegate.swift */ = {isa = PBXFileReference; lastKnownFileType = sourcecode.swift; path = SceneDelegate.swift; sourceTree = "<group>"; };
		1E03B15223DB7CCF0081F923 /* Assets.xcassets */ = {isa = PBXFileReference; lastKnownFileType = folder.assetcatalog; path = Assets.xcassets; sourceTree = "<group>"; };
		1E03B15523DB7CCF0081F923 /* Base */ = {isa = PBXFileReference; lastKnownFileType = file.storyboard; name = Base; path = Base.lproj/LaunchScreen.storyboard; sourceTree = "<group>"; };
		1E03B15723DB7CCF0081F923 /* Info.plist */ = {isa = PBXFileReference; lastKnownFileType = text.plist.xml; path = Info.plist; sourceTree = "<group>"; };
		25391496830012A5F1AB8DCD /* es */ = {isa = PBXFileReference; includeInIndex = 1; lastKnownFileType = text.plist.strings; name = es; path = es.lproj/InfoPlist.strings; sourceTree = "<group>"; };
		276105796F796C064971C3A9 /* GestureDetector.swift */ = {isa = PBXFileReference; includeInIndex = 1; lastKnownFileType = sourcecode.swift; path = GestureDetector.swift; sourceTree = "<group>"; };
		2966FE7C571AEAA3B4623E02 /* Localization.swift */ = {isa = PBXFileReference; includeInIndex = 1; lastKnownFileType = sourcecode.swift; path = Localization.swift; sourceTree = "<group>"; };
		2DEDF72B6CC688FDC8F3B313 /* ScoreViewerViewController.swift */ = {isa = PBXFileReference; includeInIndex = 1; lastKnownFileType = sourcecode.swift; path = ScoreViewerViewController.swift; sourceTree = "<group>"; };
		3003215253C7DB10F35A874E /* MIDIPageTurnController.swift */ = {isa = PBXFileReference; includeInIndex = 1; lastKnownFileType = sourcecode.swift; path = MIDIPageTurnController.swift; sourceTree = "<group>"; };
		3B4B5F0C355278781B14B7C4 /* es */ = {isa = PBXFileReference; includeInIndex = 1; name = es; path = es.lproj/Localizable.stringsdict; sourceTree = "<group>"; };
		4A90661836724116B90E13FC /* HardwareKeyGestureDetector.swift */ = {isa = PBXFileReference; includeInIndex = 1; lastKnownFileType = sourcecode.swift; path = HardwareKeyGestureDetector.swift; sourceTree = "<group>"; };
		4B2806DE56F8C580F7C78DBF /* PaywallViewController.swift */ = {isa = PBXFileReference; includeInIndex = 1; lastKnownFileType = sourcecode.swift; path = PaywallViewController.swift; sourceTree = "<group>"; };
		500CDE0F1AE638FD064F930B /* MIDIPlaybackEngine.swift */ = {isa = PBXFileReference; includeInIndex = 1; lastKnownFileType = sourcecode.swift; path = MIDIPlaybackEngine.swift; sourceTree = "<group>"; };
		541DDD32160FB84F1C37D706 /* Configuration.storekit */ = {isa = PBXFileReference; includeInIndex = 1; path = Configuration.storekit; sourceTree = "<group>"; };
		55EF3496E0B525C82CEA9711 /* VisionFaceMetrics.swift */ = {isa = PBXFileReference; includeInIndex = 1; lastKnownFileType = sourcecode.swift; path = VisionFaceMetrics.swift; sourceTree = "<group>"; };
		5A671A447ECA473262188BB0 /* de */ = {isa = PBXFileReference; includeInIndex = 1; lastKnownFileType = text.plist.strings; name = de; path = de.lproj/InfoPlist.strings; sourceTree = "<group>"; };
		6341CA3202010BF240356916 /* ScoreLibrary.swift */ = {isa = PBXFileReference; includeInIndex = 1; lastKnownFileType = sourcecode.swift; path = ScoreLibrary.swift; sourceTree = "<group>"; };
		670A5620EFE42DAFB39B5226 /* SettingsViewController.swift */ = {isa = PBXFileReference; includeInIndex = 1; lastKnownFileType = sourcecode.swift; path = SettingsViewController.swift; sourceTree = "<group>"; };
		6DD2EE0027FDF358008D29B9 /* CoreBluetooth.framework */ = {isa = PBXFileReference; lastKnownFileType = wrapper.framework; name = CoreBluetooth.framework; path = System/Library/Frameworks/CoreBluetooth.framework; sourceTree = SDKROOT; };
		6F12E36F41E35AFB83A32560 /* TapGestureDetector.swift */ = {isa = PBXFileReference; includeInIndex = 1; lastKnownFileType = sourcecode.swift; path = TapGestureDetector.swift; sourceTree = "<group>"; };
		74718BB5B7B8008E8600EE77 /* MetronomeEngine.swift */ = {isa = PBXFileReference; includeInIndex = 1; lastKnownFileType = sourcecode.swift; path = MetronomeEngine.swift; sourceTree = "<group>"; };
		75B51C488D5D9F7635C2DE5E /* EntitlementManager.swift */ = {isa = PBXFileReference; includeInIndex = 1; lastKnownFileType = sourcecode.swift; path = EntitlementManager.swift; sourceTree = "<group>"; };
		76EFAEBF1E47F161EB10696B /* es */ = {isa = PBXFileReference; includeInIndex = 1; lastKnownFileType = text.plist.strings; name = es; path = es.lproj/Localizable.strings; sourceTree = "<group>"; };
		7A7C8DC2C7E8725D21D96AD3 /* ARFaceGestureDetector.swift */ = {isa = PBXFileReference; includeInIndex = 1; lastKnownFileType = sourcecode.swift; path = ARFaceGestureDetector.swift; sourceTree = "<group>"; };
		7C114BEBF5AD4927A42CCD44 /* TrialManager.swift */ = {isa = PBXFileReference; includeInIndex = 1; lastKnownFileType = sourcecode.swift; path = TrialManager.swift; sourceTree = "<group>"; };
		7C55B0282D96DE85D79BDE2C /* Pods_BlinkPoseAndSwipeiOSMLKit.framework */ = {isa = PBXFileReference; explicitFileType = wrapper.framework; includeInIndex = 0; path = Pods_BlinkPoseAndSwipeiOSMLKit.framework; sourceTree = BUILT_PRODUCTS_DIR; };
		7E22DBD7FBC00E3219BA3B57 /* Theme.swift */ = {isa = PBXFileReference; includeInIndex = 1; lastKnownFileType = sourcecode.swift; path = Theme.swift; sourceTree = "<group>"; };
		7F4310D8C777A54C1C737CB8 /* GestureSettings.swift */ = {isa = PBXFileReference; includeInIndex = 1; lastKnownFileType = sourcecode.swift; path = GestureSettings.swift; sourceTree = "<group>"; };
		809D653D6BAB6907E9DEBBDB /* fr */ = {isa = PBXFileReference; includeInIndex = 1; lastKnownFileType = text.plist.strings; name = fr; path = fr.lproj/InfoPlist.strings; sourceTree = "<group>"; };
		811EE843FDEFBE7745F84F94 /* MetronomeViewController.swift */ = {isa = PBXFileReference; includeInIndex = 1; lastKnownFileType = sourcecode.swift; path = MetronomeViewController.swift; sourceTree = "<group>"; };
		8214A83EA2DCC7C430BA1D02 /* VisionFaceGestureDetector.swift */ = {isa = PBXFileReference; includeInIndex = 1; lastKnownFileType = sourcecode.swift; path = VisionFaceGestureDetector.swift; sourceTree = "<group>"; };
		8249788828DE6526531AD7AA /* PlaceholderScoreGenerator.swift */ = {isa = PBXFileReference; includeInIndex = 1; lastKnownFileType = sourcecode.swift; path = PlaceholderScoreGenerator.swift; sourceTree = "<group>"; };
		82E910EFA30830C5DC8D7898 /* FaceGestureConfig.swift */ = {isa = PBXFileReference; includeInIndex = 1; lastKnownFileType = sourcecode.swift; path = FaceGestureConfig.swift; sourceTree = "<group>"; };
		8833D23FAE7875C6B963B460 /* PrivacyInfo.xcprivacy */ = {isa = PBXFileReference; includeInIndex = 1; path = PrivacyInfo.xcprivacy; sourceTree = "<group>"; };
		941024C16A09B97BD2F96025 /* ModalityKind.swift */ = {isa = PBXFileReference; includeInIndex = 1; lastKnownFileType = sourcecode.swift; path = ModalityKind.swift; sourceTree = "<group>"; };
		973CC9E35435679FEFA1BF97 /* de */ = {isa = PBXFileReference; includeInIndex = 1; name = de; path = de.lproj/Localizable.stringsdict; sourceTree = "<group>"; };
		A5E3B5F75F70F1462FD1F6CC /* Score.swift */ = {isa = PBXFileReference; includeInIndex = 1; lastKnownFileType = sourcecode.swift; path = Score.swift; sourceTree = "<group>"; };
		A7D5C12C2A2298C126900804 /* fr */ = {isa = PBXFileReference; includeInIndex = 1; name = fr; path = fr.lproj/Localizable.stringsdict; sourceTree = "<group>"; };
		B44ADB96DBBBDD21A7648DC6 /* fr */ = {isa = PBXFileReference; includeInIndex = 1; lastKnownFileType = text.plist.strings; name = fr; path = fr.lproj/Localizable.strings; sourceTree = "<group>"; };
		BCFB06B67DAE3C729E73E39D /* en */ = {isa = PBXFileReference; includeInIndex = 1; name = en; path = en.lproj/Localizable.stringsdict; sourceTree = "<group>"; };
		C47312D1CE57BFE85942B7AE /* OnboardingViewController.swift */ = {isa = PBXFileReference; includeInIndex = 1; lastKnownFileType = sourcecode.swift; path = OnboardingViewController.swift; sourceTree = "<group>"; };
		CBE9E91F44402E5436721D0E /* en */ = {isa = PBXFileReference; includeInIndex = 1; lastKnownFileType = text.plist.strings; name = en; path = en.lproj/Localizable.strings; sourceTree = "<group>"; };
		D493FB1E70BDE1CB3E340DD0 /* AnnotationTool.swift */ = {isa = PBXFileReference; includeInIndex = 1; lastKnownFileType = sourcecode.swift; path = AnnotationTool.swift; sourceTree = "<group>"; };
		D75B1B95C918C92064CF0B6C /* GestureFeedbackView.swift */ = {isa = PBXFileReference; includeInIndex = 1; lastKnownFileType = sourcecode.swift; path = GestureFeedbackView.swift; sourceTree = "<group>"; };
		E4BD2398980C7A7620B40D7C /* en */ = {isa = PBXFileReference; includeInIndex = 1; lastKnownFileType = text.plist.strings; name = en; path = en.lproj/InfoPlist.strings; sourceTree = "<group>"; };
		E71ED78AF57B70971F4C952F /* Pods-BlinkPoseAndSwipeiOSMLKit.release.xcconfig */ = {isa = PBXFileReference; includeInIndex = 1; lastKnownFileType = text.xcconfig; name = "Pods-BlinkPoseAndSwipeiOSMLKit.release.xcconfig"; path = "Target Support Files/Pods-BlinkPoseAndSwipeiOSMLKit/Pods-BlinkPoseAndSwipeiOSMLKit.release.xcconfig"; sourceTree = "<group>"; };
		F7F1BB68877F9C27AD5F0A51 /* LibraryScoreCell.swift */ = {isa = PBXFileReference; includeInIndex = 1; lastKnownFileType = sourcecode.swift; path = LibraryScoreCell.swift; sourceTree = "<group>"; };
		FAB363A443C872409FF1168F /* AnnotationOverlayView.swift */ = {isa = PBXFileReference; includeInIndex = 1; lastKnownFileType = sourcecode.swift; path = AnnotationOverlayView.swift; sourceTree = "<group>"; };
		FF3DDE8B6E24F81E70A0CD1E /* de */ = {isa = PBXFileReference; includeInIndex = 1; lastKnownFileType = text.plist.strings; name = de; path = de.lproj/Localizable.strings; sourceTree = "<group>"; };
/* End PBXFileReference section */

/* Begin PBXFrameworksBuildPhase section */
		1E03B14323DB7CC90081F923 /* Frameworks */ = {
			isa = PBXFrameworksBuildPhase;
			buildActionMask = 2147483647;
			files = (
				6DD2EE0127FDF359008D29B9 /* CoreBluetooth.framework in Frameworks */,
				AC16C0DFBAD9C31BEA360085 /* Pods_BlinkPoseAndSwipeiOSMLKit.framework in Frameworks */,
			);
			runOnlyForDeploymentPostprocessing = 0;
		};
/* End PBXFrameworksBuildPhase section */

/* Begin PBXGroup section */
		1D1E48BFAB5DCE22817A62D6 /* Core */ = {
			isa = PBXGroup;
			children = (
				9F597BD3D12DD7F5CB9D1839 /* Gestures */,
				8249788828DE6526531AD7AA /* PlaceholderScoreGenerator.swift */,
				7205AA2E11BB8A7A5455D266 /* Annotation */,
				B9AF0FFFA7742428D1984A33 /* Purchases */,
				418524BBBB88EFFCFFF6164C /* Metronome */,
				2966FE7C571AEAA3B4623E02 /* Localization.swift */,
				7E22DBD7FBC00E3219BA3B57 /* Theme.swift */,
				21E21DFC132C56418777B7B5 /* MIDI */,
			);
			name = Core;
			path = Core;
			sourceTree = "<group>";
		};
		1E03B13D23DB7CC90081F923 = {
			isa = PBXGroup;
			children = (
				1E03B14823DB7CC90081F923 /* BlinkPoseAndSwipeiOSMLKit */,
				1E03B14723DB7CC90081F923 /* Products */,
				1E0CE522DE00A889EE2D076A /* Pods */,
				49AED5CF2D6CF5492C3B37CB /* Frameworks */,
			);
			sourceTree = "<group>";
		};
		1E03B14723DB7CC90081F923 /* Products */ = {
			isa = PBXGroup;
			children = (
				1E03B14623DB7CC90081F923 /* BlinkPoseAndSwipeiOSMLKit.app */,
			);
			name = Products;
			sourceTree = "<group>";
		};
		1E03B14823DB7CC90081F923 /* BlinkPoseAndSwipeiOSMLKit */ = {
			isa = PBXGroup;
			children = (
				6DD2EDBE27F3B8B3008D29B9 /* Model */,
				6DD2EDB727F3B6E9008D29B9 /* Views */,
				1E03B14923DB7CC90081F923 /* AppDelegate.swift */,
				1E03B14B23DB7CC90081F923 /* SceneDelegate.swift */,
				1E03B15223DB7CCF0081F923 /* Assets.xcassets */,
				1E03B15423DB7CCF0081F923 /* LaunchScreen.storyboard */,
				1E03B15723DB7CCF0081F923 /* Info.plist */,
				1D1E48BFAB5DCE22817A62D6 /* Core */,
				541DDD32160FB84F1C37D706 /* Configuration.storekit */,
				0D346EAB1AFA139E60A294D0 /* Localizable.strings */,
				C070970E458F876DFA2C35F3 /* Localizable.stringsdict */,
				241FB297565FF94AF24F994A /* InfoPlist.strings */,
				8833D23FAE7875C6B963B460 /* PrivacyInfo.xcprivacy */,
			);
			path = BlinkPoseAndSwipeiOSMLKit;
			sourceTree = "<group>";
		};
		1E0CE522DE00A889EE2D076A /* Pods */ = {
			isa = PBXGroup;
			children = (
				122D4E66A79C74C8387E84CA /* Pods-BlinkPoseAndSwipeiOSMLKit.debug.xcconfig */,
				E71ED78AF57B70971F4C952F /* Pods-BlinkPoseAndSwipeiOSMLKit.release.xcconfig */,
			);
			path = Pods;
			sourceTree = "<group>";
		};
		21E21DFC132C56418777B7B5 /* MIDI */ = {
			isa = PBXGroup;
			children = (
				500CDE0F1AE638FD064F930B /* MIDIPlaybackEngine.swift */,
				3003215253C7DB10F35A874E /* MIDIPageTurnController.swift */,
			);
			name = MIDI;
			path = MIDI;
			sourceTree = "<group>";
		};
		418524BBBB88EFFCFFF6164C /* Metronome */ = {
			isa = PBXGroup;
			children = (
				74718BB5B7B8008E8600EE77 /* MetronomeEngine.swift */,
			);
			name = Metronome;
			path = Metronome;
			sourceTree = "<group>";
		};
		49AED5CF2D6CF5492C3B37CB /* Frameworks */ = {
			isa = PBXGroup;
			children = (
				6DD2EE0027FDF358008D29B9 /* CoreBluetooth.framework */,
				7C55B0282D96DE85D79BDE2C /* Pods_BlinkPoseAndSwipeiOSMLKit.framework */,
			);
			name = Frameworks;
			sourceTree = "<group>";
		};
		6DD2EDB727F3B6E9008D29B9 /* Views */ = {
			isa = PBXGroup;
			children = (
				6DD2EDC127F3BABA008D29B9 /* Controllers */,
				6DD2EDB827F3B70C008D29B9 /* cells */,
			);
			path = Views;
			sourceTree = "<group>";
		};
		6DD2EDB827F3B70C008D29B9 /* cells */ = {
			isa = PBXGroup;
			children = (
				F7F1BB68877F9C27AD5F0A51 /* LibraryScoreCell.swift */,
			);
			path = cells;
			sourceTree = "<group>";
		};
		6DD2EDBE27F3B8B3008D29B9 /* Model */ = {
			isa = PBXGroup;
			children = (
				A5E3B5F75F70F1462FD1F6CC /* Score.swift */,
				6341CA3202010BF240356916 /* ScoreLibrary.swift */,
			);
			path = Model;
			sourceTree = "<group>";
		};
		6DD2EDC127F3BABA008D29B9 /* Controllers */ = {
			isa = PBXGroup;
			children = (
				2DEDF72B6CC688FDC8F3B313 /* ScoreViewerViewController.swift */,
				1AB1107D4E18C0476CB9E294 /* LibraryViewController.swift */,
				4B2806DE56F8C580F7C78DBF /* PaywallViewController.swift */,
				811EE843FDEFBE7745F84F94 /* MetronomeViewController.swift */,
				670A5620EFE42DAFB39B5226 /* SettingsViewController.swift */,
				C47312D1CE57BFE85942B7AE /* OnboardingViewController.swift */,
			);
			path = Controllers;
			sourceTree = "<group>";
		};
		7205AA2E11BB8A7A5455D266 /* Annotation */ = {
			isa = PBXGroup;
			children = (
				D493FB1E70BDE1CB3E340DD0 /* AnnotationTool.swift */,
				FAB363A443C872409FF1168F /* AnnotationOverlayView.swift */,
			);
			name = Annotation;
			path = Annotation;
			sourceTree = "<group>";
		};
		9F597BD3D12DD7F5CB9D1839 /* Gestures */ = {
			isa = PBXGroup;
			children = (
				276105796F796C064971C3A9 /* GestureDetector.swift */,
				82E910EFA30830C5DC8D7898 /* FaceGestureConfig.swift */,
				7A7C8DC2C7E8725D21D96AD3 /* ARFaceGestureDetector.swift */,
				6F12E36F41E35AFB83A32560 /* TapGestureDetector.swift */,
				0DCA43F81AD6E7AE001A409C /* SwipeGestureDetector.swift */,
				4A90661836724116B90E13FC /* HardwareKeyGestureDetector.swift */,
				D75B1B95C918C92064CF0B6C /* GestureFeedbackView.swift */,
				941024C16A09B97BD2F96025 /* ModalityKind.swift */,
				7F4310D8C777A54C1C737CB8 /* GestureSettings.swift */,
				0222C0BDCEF47093081F24D9 /* FaceGestureProcessor.swift */,
				55EF3496E0B525C82CEA9711 /* VisionFaceMetrics.swift */,
				8214A83EA2DCC7C430BA1D02 /* VisionFaceGestureDetector.swift */,
			);
			name = Gestures;
			path = Gestures;
			sourceTree = "<group>";
		};
		B9AF0FFFA7742428D1984A33 /* Purchases */ = {
			isa = PBXGroup;
			children = (
				7C114BEBF5AD4927A42CCD44 /* TrialManager.swift */,
				0CA614DBF2D8E91475E6ABCE /* SubscriptionStore.swift */,
				75B51C488D5D9F7635C2DE5E /* EntitlementManager.swift */,
			);
			name = Purchases;
			path = Purchases;
			sourceTree = "<group>";
		};
/* End PBXGroup section */

/* Begin PBXNativeTarget section */
		1E03B14523DB7CC90081F923 /* BlinkPoseAndSwipeiOSMLKit */ = {
			isa = PBXNativeTarget;
			buildConfigurationList = 1E03B15A23DB7CCF0081F923 /* Build configuration list for PBXNativeTarget "BlinkPoseAndSwipeiOSMLKit" */;
			buildPhases = (
				99AA3F801153ABC772E1F066 /* [CP] Check Pods Manifest.lock */,
				1E03B14223DB7CC90081F923 /* Sources */,
				1E03B14323DB7CC90081F923 /* Frameworks */,
				1E03B14423DB7CC90081F923 /* Resources */,
			);
			buildRules = (
			);
			dependencies = (
			);
			name = BlinkPoseAndSwipeiOSMLKit;
			productName = BlinkPoseAndSwipeiOSMLKit;
			productReference = 1E03B14623DB7CC90081F923 /* BlinkPoseAndSwipeiOSMLKit.app */;
			productType = "com.apple.product-type.application";
		};
/* End PBXNativeTarget section */

/* Begin PBXProject section */
		1E03B13E23DB7CC90081F923 /* Project object */ = {
			isa = PBXProject;
			attributes = {
				LastSwiftUpdateCheck = 1130;
				LastUpgradeCheck = 1320;
				ORGANIZATIONNAME = bytes;
				TargetAttributes = {
					1E03B14523DB7CC90081F923 = {
						CreatedOnToolsVersion = 11.3;
					};
				};
			};
			buildConfigurationList = 1E03B14123DB7CC90081F923 /* Build configuration list for PBXProject "BlinkPoseAndSwipeiOSMLKit" */;
			compatibilityVersion = "Xcode 9.3";
			developmentRegion = en;
			hasScannedForEncodings = 0;
			knownRegions = (
				en,
				Base,
				es,
				de,
				fr,
			);
			mainGroup = 1E03B13D23DB7CC90081F923;
			productRefGroup = 1E03B14723DB7CC90081F923 /* Products */;
			projectDirPath = "";
			projectRoot = "";
			targets = (
				1E03B14523DB7CC90081F923 /* BlinkPoseAndSwipeiOSMLKit */,
			);
		};
/* End PBXProject section */

/* Begin PBXResourcesBuildPhase section */
		1E03B14423DB7CC90081F923 /* Resources */ = {
			isa = PBXResourcesBuildPhase;
			buildActionMask = 2147483647;
			files = (
				1E03B15623DB7CCF0081F923 /* LaunchScreen.storyboard in Resources */,
				1E03B15323DB7CCF0081F923 /* Assets.xcassets in Resources */,
				1DBFD1A2AAD90C3D716FA5E4 /* Localizable.strings in Resources */,
				5CD685D67BFF46F76F7D99B1 /* Localizable.stringsdict in Resources */,
				F316ADF85B0BCCA8E93448AF /* InfoPlist.strings in Resources */,
				45BAF840B96EC79C1A4CD1D0 /* PrivacyInfo.xcprivacy in Resources */,
			);
			runOnlyForDeploymentPostprocessing = 0;
		};
/* End PBXResourcesBuildPhase section */

/* Begin PBXShellScriptBuildPhase section */
		99AA3F801153ABC772E1F066 /* [CP] Check Pods Manifest.lock */ = {
			isa = PBXShellScriptBuildPhase;
			buildActionMask = 2147483647;
			files = (
			);
			inputFileListPaths = (
			);
			inputPaths = (
				"${PODS_PODFILE_DIR_PATH}/Podfile.lock",
				"${PODS_ROOT}/Manifest.lock",
			);
			name = "[CP] Check Pods Manifest.lock";
			outputFileListPaths = (
			);
			outputPaths = (
				"$(DERIVED_FILE_DIR)/Pods-BlinkPoseAndSwipeiOSMLKit-checkManifestLockResult.txt",
			);
			runOnlyForDeploymentPostprocessing = 0;
			shellPath = /bin/sh;
			shellScript = "diff \"${PODS_PODFILE_DIR_PATH}/Podfile.lock\" \"${PODS_ROOT}/Manifest.lock\" > /dev/null\nif [ $? != 0 ] ; then\n    # print error to STDERR\n    echo \"error: The sandbox is not in sync with the Podfile.lock. Run 'pod install' or update your CocoaPods installation.\" >&2\n    exit 1\nfi\n# This output is used by Xcode 'outputs' to avoid re-running this script phase.\necho \"SUCCESS\" > \"${SCRIPT_OUTPUT_FILE_0}\"\n";
			showEnvVarsInLog = 0;
		};
/* End PBXShellScriptBuildPhase section */

/* Begin PBXSourcesBuildPhase section */
		1E03B14223DB7CC90081F923 /* Sources */ = {
			isa = PBXSourcesBuildPhase;
			buildActionMask = 2147483647;
			files = (
				1E03B14A23DB7CC90081F923 /* AppDelegate.swift in Sources */,
				1E03B14C23DB7CC90081F923 /* SceneDelegate.swift in Sources */,
				6D84A54BD1BE975A69A44218 /* GestureDetector.swift in Sources */,
				280EBC7DFBB5F11EFB82271B /* FaceGestureConfig.swift in Sources */,
				6D43643C9EB3A2D57318CBA1 /* ARFaceGestureDetector.swift in Sources */,
				4EA2023A8D6D57EF45EE352A /* TapGestureDetector.swift in Sources */,
				EA3F3796E544A54B3CA47A64 /* SwipeGestureDetector.swift in Sources */,
				DDAA3C0CD58249E35E54AC3A /* HardwareKeyGestureDetector.swift in Sources */,
				7C27BD0EEC25E0CDFABCFE85 /* GestureFeedbackView.swift in Sources */,
				6592616ABA004EFD79481A25 /* ScoreViewerViewController.swift in Sources */,
				C91393CF457B7F7C51D0DA6B /* ModalityKind.swift in Sources */,
				3F77822476E9B7F4741DE874 /* Score.swift in Sources */,
				ECBFC6B141EBEA95E6DD6A69 /* ScoreLibrary.swift in Sources */,
				923D501EC448407D57D9B10C /* LibraryScoreCell.swift in Sources */,
				6AE112ABE8B5C70810F4565E /* LibraryViewController.swift in Sources */,
				FDD7DB6C5B9D26CA0D9A97A1 /* PlaceholderScoreGenerator.swift in Sources */,
				18EE7ED51AE223061506B32B /* AnnotationTool.swift in Sources */,
				02BB1D240D1E400D890CE1AC /* AnnotationOverlayView.swift in Sources */,
				6B3A36F26FF49A4AC99D8D15 /* TrialManager.swift in Sources */,
				023CEF5BC32E19ED2DE400B5 /* SubscriptionStore.swift in Sources */,
				B50D475ED20A46F4A537C084 /* EntitlementManager.swift in Sources */,
				CDAF4370D1CE21026CF5F863 /* PaywallViewController.swift in Sources */,
				7B8A612BADCA5745BFFD953C /* MetronomeEngine.swift in Sources */,
				6865B251E358177D94FE0473 /* MetronomeViewController.swift in Sources */,
				29962997D406AF8E527B56E9 /* GestureSettings.swift in Sources */,
				54144507A6F44B1766970B9E /* SettingsViewController.swift in Sources */,
				67447465D08A190C47EB51A0 /* Localization.swift in Sources */,
				AB50E0D4164888E8A96A4AB1 /* FaceGestureProcessor.swift in Sources */,
				5460BC79B559EDE60344021E /* VisionFaceMetrics.swift in Sources */,
				51C005768FCB54843ABC2E75 /* VisionFaceGestureDetector.swift in Sources */,
				DC1249E46283000208F6E10A /* Theme.swift in Sources */,
				C38CCFFC3D9D7C6909F795B2 /* OnboardingViewController.swift in Sources */,
				D93E9B6DAFD564B7A6874F51 /* MIDIPlaybackEngine.swift in Sources */,
				57087E06FB6729C09FAA6BE3 /* MIDIPageTurnController.swift in Sources */,
			);
			runOnlyForDeploymentPostprocessing = 0;
		};
/* End PBXSourcesBuildPhase section */

/* Begin PBXVariantGroup section */
		0D346EAB1AFA139E60A294D0 /* Localizable.strings */ = {
			isa = PBXVariantGroup;
			children = (
				CBE9E91F44402E5436721D0E /* en */,
				76EFAEBF1E47F161EB10696B /* es */,
				FF3DDE8B6E24F81E70A0CD1E /* de */,
				B44ADB96DBBBDD21A7648DC6 /* fr */,
			);
			name = Localizable.strings;
			sourceTree = "<group>";
		};
		1E03B15423DB7CCF0081F923 /* LaunchScreen.storyboard */ = {
			isa = PBXVariantGroup;
			children = (
				1E03B15523DB7CCF0081F923 /* Base */,
			);
			name = LaunchScreen.storyboard;
			sourceTree = "<group>";
		};
		241FB297565FF94AF24F994A /* InfoPlist.strings */ = {
			isa = PBXVariantGroup;
			children = (
				E4BD2398980C7A7620B40D7C /* en */,
				25391496830012A5F1AB8DCD /* es */,
				5A671A447ECA473262188BB0 /* de */,
				809D653D6BAB6907E9DEBBDB /* fr */,
			);
			name = InfoPlist.strings;
			sourceTree = "<group>";
		};
		C070970E458F876DFA2C35F3 /* Localizable.stringsdict */ = {
			isa = PBXVariantGroup;
			children = (
				BCFB06B67DAE3C729E73E39D /* en */,
				3B4B5F0C355278781B14B7C4 /* es */,
				973CC9E35435679FEFA1BF97 /* de */,
				A7D5C12C2A2298C126900804 /* fr */,
			);
			name = Localizable.stringsdict;
			sourceTree = "<group>";
		};
/* End PBXVariantGroup section */

/* Begin XCBuildConfiguration section */
		1E03B15823DB7CCF0081F923 /* Debug */ = {
			isa = XCBuildConfiguration;
			buildSettings = {
				ALWAYS_SEARCH_USER_PATHS = NO;
				CLANG_ANALYZER_NONNULL = YES;
				CLANG_ANALYZER_NUMBER_OBJECT_CONVERSION = YES_AGGRESSIVE;
				CLANG_CXX_LANGUAGE_STANDARD = "gnu++14";
				CLANG_CXX_LIBRARY = "libc++";
				CLANG_ENABLE_MODULES = YES;
				CLANG_ENABLE_OBJC_ARC = YES;
				CLANG_ENABLE_OBJC_WEAK = YES;
				CLANG_WARN_BLOCK_CAPTURE_AUTORELEASING = YES;
				CLANG_WARN_BOOL_CONVERSION = YES;
				CLANG_WARN_COMMA = YES;
				CLANG_WARN_CONSTANT_CONVERSION = YES;
				CLANG_WARN_DEPRECATED_OBJC_IMPLEMENTATIONS = YES;
				CLANG_WARN_DIRECT_OBJC_ISA_USAGE = YES_ERROR;
				CLANG_WARN_DOCUMENTATION_COMMENTS = YES;
				CLANG_WARN_EMPTY_BODY = YES;
				CLANG_WARN_ENUM_CONVERSION = YES;
				CLANG_WARN_INFINITE_RECURSION = YES;
				CLANG_WARN_INT_CONVERSION = YES;
				CLANG_WARN_NON_LITERAL_NULL_CONVERSION = YES;
				CLANG_WARN_OBJC_IMPLICIT_RETAIN_SELF = YES;
				CLANG_WARN_OBJC_LITERAL_CONVERSION = YES;
				CLANG_WARN_OBJC_ROOT_CLASS = YES_ERROR;
				CLANG_WARN_QUOTED_INCLUDE_IN_FRAMEWORK_HEADER = YES;
				CLANG_WARN_RANGE_LOOP_ANALYSIS = YES;
				CLANG_WARN_STRICT_PROTOTYPES = YES;
				CLANG_WARN_SUSPICIOUS_MOVE = YES;
				CLANG_WARN_UNGUARDED_AVAILABILITY = YES_AGGRESSIVE;
				CLANG_WARN_UNREACHABLE_CODE = YES;
				CLANG_WARN__DUPLICATE_METHOD_MATCH = YES;
				COPY_PHASE_STRIP = NO;
				DEBUG_INFORMATION_FORMAT = dwarf;
				ENABLE_STRICT_OBJC_MSGSEND = YES;
				ENABLE_TESTABILITY = YES;
				GCC_C_LANGUAGE_STANDARD = gnu11;
				GCC_DYNAMIC_NO_PIC = NO;
				GCC_NO_COMMON_BLOCKS = YES;
				GCC_OPTIMIZATION_LEVEL = 0;
				GCC_PREPROCESSOR_DEFINITIONS = (
					"DEBUG=1",
					"$(inherited)",
				);
				GCC_WARN_64_TO_32_BIT_CONVERSION = YES;
				GCC_WARN_ABOUT_RETURN_TYPE = YES_ERROR;
				GCC_WARN_UNDECLARED_SELECTOR = YES;
				GCC_WARN_UNINITIALIZED_AUTOS = YES_AGGRESSIVE;
				GCC_WARN_UNUSED_FUNCTION = YES;
				GCC_WARN_UNUSED_VARIABLE = YES;
				IPHONEOS_DEPLOYMENT_TARGET = 16.0;
				MTL_ENABLE_DEBUG_INFO = INCLUDE_SOURCE;
				MTL_FAST_MATH = YES;
				ONLY_ACTIVE_ARCH = YES;
				SDKROOT = iphoneos;
				SWIFT_ACTIVE_COMPILATION_CONDITIONS = DEBUG;
				SWIFT_OPTIMIZATION_LEVEL = "-Onone";
			};
			name = Debug;
		};
		1E03B15923DB7CCF0081F923 /* Release */ = {
			isa = XCBuildConfiguration;
			buildSettings = {
				ALWAYS_SEARCH_USER_PATHS = NO;
				CLANG_ANALYZER_NONNULL = YES;
				CLANG_ANALYZER_NUMBER_OBJECT_CONVERSION = YES_AGGRESSIVE;
				CLANG_CXX_LANGUAGE_STANDARD = "gnu++14";
				CLANG_CXX_LIBRARY = "libc++";
				CLANG_ENABLE_MODULES = YES;
				CLANG_ENABLE_OBJC_ARC = YES;
				CLANG_ENABLE_OBJC_WEAK = YES;
				CLANG_WARN_BLOCK_CAPTURE_AUTORELEASING = YES;
				CLANG_WARN_BOOL_CONVERSION = YES;
				CLANG_WARN_COMMA = YES;
				CLANG_WARN_CONSTANT_CONVERSION = YES;
				CLANG_WARN_DEPRECATED_OBJC_IMPLEMENTATIONS = YES;
				CLANG_WARN_DIRECT_OBJC_ISA_USAGE = YES_ERROR;
				CLANG_WARN_DOCUMENTATION_COMMENTS = YES;
				CLANG_WARN_EMPTY_BODY = YES;
				CLANG_WARN_ENUM_CONVERSION = YES;
				CLANG_WARN_INFINITE_RECURSION = YES;
				CLANG_WARN_INT_CONVERSION = YES;
				CLANG_WARN_NON_LITERAL_NULL_CONVERSION = YES;
				CLANG_WARN_OBJC_IMPLICIT_RETAIN_SELF = YES;
				CLANG_WARN_OBJC_LITERAL_CONVERSION = YES;
				CLANG_WARN_OBJC_ROOT_CLASS = YES_ERROR;
				CLANG_WARN_QUOTED_INCLUDE_IN_FRAMEWORK_HEADER = YES;
				CLANG_WARN_RANGE_LOOP_ANALYSIS = YES;
				CLANG_WARN_STRICT_PROTOTYPES = YES;
				CLANG_WARN_SUSPICIOUS_MOVE = YES;
				CLANG_WARN_UNGUARDED_AVAILABILITY = YES_AGGRESSIVE;
				CLANG_WARN_UNREACHABLE_CODE = YES;
				CLANG_WARN__DUPLICATE_METHOD_MATCH = YES;
				COPY_PHASE_STRIP = NO;
				DEBUG_INFORMATION_FORMAT = "dwarf-with-dsym";
				ENABLE_NS_ASSERTIONS = NO;
				ENABLE_STRICT_OBJC_MSGSEND = YES;
				GCC_C_LANGUAGE_STANDARD = gnu11;
				GCC_NO_COMMON_BLOCKS = YES;
				GCC_WARN_64_TO_32_BIT_CONVERSION = YES;
				GCC_WARN_ABOUT_RETURN_TYPE = YES_ERROR;
				GCC_WARN_UNDECLARED_SELECTOR = YES;
				GCC_WARN_UNINITIALIZED_AUTOS = YES_AGGRESSIVE;
				GCC_WARN_UNUSED_FUNCTION = YES;
				GCC_WARN_UNUSED_VARIABLE = YES;
				IPHONEOS_DEPLOYMENT_TARGET = 16.0;
				MTL_ENABLE_DEBUG_INFO = NO;
				MTL_FAST_MATH = YES;
				SDKROOT = iphoneos;
				SWIFT_COMPILATION_MODE = wholemodule;
				SWIFT_OPTIMIZATION_LEVEL = "-O";
				VALIDATE_PRODUCT = YES;
			};
			name = Release;
		};
		1E03B15B23DB7CCF0081F923 /* Debug */ = {
			isa = XCBuildConfiguration;
			baseConfigurationReference = 122D4E66A79C74C8387E84CA /* Pods-BlinkPoseAndSwipeiOSMLKit.debug.xcconfig */;
			buildSettings = {
				ASSETCATALOG_COMPILER_APPICON_NAME = AppIcon;
				CODE_SIGN_STYLE = Automatic;
				DEVELOPMENT_TEAM = 8F726SH9US;
				INFOPLIST_FILE = BlinkPoseAndSwipeiOSMLKit/Info.plist;
				IPHONEOS_DEPLOYMENT_TARGET = 16.0;
				LD_RUNPATH_SEARCH_PATHS = (
					"$(inherited)",
					"@executable_path/Frameworks",
				);
				PRODUCT_BUNDLE_IDENTIFIER = com.bytepro.BlinkAndSwipeiOSMLKit;
				PRODUCT_NAME = "$(TARGET_NAME)";
				SWIFT_VERSION = 5.0;
				TARGETED_DEVICE_FAMILY = "1,2";
			};
			name = Debug;
		};
		1E03B15C23DB7CCF0081F923 /* Release */ = {
			isa = XCBuildConfiguration;
			baseConfigurationReference = E71ED78AF57B70971F4C952F /* Pods-BlinkPoseAndSwipeiOSMLKit.release.xcconfig */;
			buildSettings = {
				ASSETCATALOG_COMPILER_APPICON_NAME = AppIcon;
				CODE_SIGN_STYLE = Automatic;
				DEVELOPMENT_TEAM = 8F726SH9US;
				INFOPLIST_FILE = BlinkPoseAndSwipeiOSMLKit/Info.plist;
				IPHONEOS_DEPLOYMENT_TARGET = 16.0;
				LD_RUNPATH_SEARCH_PATHS = (
					"$(inherited)",
					"@executable_path/Frameworks",
				);
				PRODUCT_BUNDLE_IDENTIFIER = com.bytepro.BlinkAndSwipeiOSMLKit;
				PRODUCT_NAME = "$(TARGET_NAME)";
				SWIFT_VERSION = 5.0;
				TARGETED_DEVICE_FAMILY = "1,2";
			};
			name = Release;
		};
/* End XCBuildConfiguration section */

/* Begin XCConfigurationList section */
		1E03B14123DB7CC90081F923 /* Build configuration list for PBXProject "BlinkPoseAndSwipeiOSMLKit" */ = {
			isa = XCConfigurationList;
			buildConfigurations = (
				1E03B15823DB7CCF0081F923 /* Debug */,
				1E03B15923DB7CCF0081F923 /* Release */,
			);
			defaultConfigurationIsVisible = 0;
			defaultConfigurationName = Release;
		};
		1E03B15A23DB7CCF0081F923 /* Build configuration list for PBXNativeTarget "BlinkPoseAndSwipeiOSMLKit" */ = {
			isa = XCConfigurationList;
			buildConfigurations = (
				1E03B15B23DB7CCF0081F923 /* Debug */,
				1E03B15C23DB7CCF0081F923 /* Release */,
			);
			defaultConfigurationIsVisible = 0;
			defaultConfigurationName = Release;
		};
/* End XCConfigurationList section */
	};
	rootObject = 1E03B13E23DB7CC90081F923 /* Project object */;
}
